// !$*UTF8*$!
{
	archiveVersion = 1;
	classes = {
	};
	objectVersion = 46;
	objects = {

/* Begin PBXBuildFile section */
		3E4A61DE1F6947EA005FBD74 /* registrationViewController.swift in Sources */ = {isa = PBXBuildFile; fileRef = 3E4A61DD1F6947EA005FBD74 /* registrationViewController.swift */; };
		3E841F801F50716100EACD3A /* LocationsViewController.swift in Sources */ = {isa = PBXBuildFile; fileRef = 3E841F7F1F50716100EACD3A /* LocationsViewController.swift */; };
		3E8D93391F61CD9900D54254 /* LocationTableViewCell.swift in Sources */ = {isa = PBXBuildFile; fileRef = 3E8D93381F61CD9900D54254 /* LocationTableViewCell.swift */; };
		3EBBD9B51F4529E100C92865 /* AppDelegate.swift in Sources */ = {isa = PBXBuildFile; fileRef = 3EBBD9B41F4529E100C92865 /* AppDelegate.swift */; };
		3EBBD9B71F4529E100C92865 /* NYDHHomeViewController.swift in Sources */ = {isa = PBXBuildFile; fileRef = 3EBBD9B61F4529E100C92865 /* NYDHHomeViewController.swift */; };
		3EBBD9BA1F4529E100C92865 /* Main.storyboard in Resources */ = {isa = PBXBuildFile; fileRef = 3EBBD9B81F4529E100C92865 /* Main.storyboard */; };
		3EBBD9BC1F4529E100C92865 /* Assets.xcassets in Resources */ = {isa = PBXBuildFile; fileRef = 3EBBD9BB1F4529E100C92865 /* Assets.xcassets */; };
		3EBBD9BF1F4529E100C92865 /* LaunchScreen.storyboard in Resources */ = {isa = PBXBuildFile; fileRef = 3EBBD9BD1F4529E100C92865 /* LaunchScreen.storyboard */; };
		3EED150F1F6AE45D0066C4AC /* questionsViewController.swift in Sources */ = {isa = PBXBuildFile; fileRef = 3EED150E1F6AE45D0066C4AC /* questionsViewController.swift */; };
/* End PBXBuildFile section */

/* Begin PBXFileReference section */
		3E4A61DD1F6947EA005FBD74 /* registrationViewController.swift */ = {isa = PBXFileReference; lastKnownFileType = sourcecode.swift; path = registrationViewController.swift; sourceTree = "<group>"; };
		3E841F7F1F50716100EACD3A /* LocationsViewController.swift */ = {isa = PBXFileReference; fileEncoding = 4; lastKnownFileType = sourcecode.swift; path = LocationsViewController.swift; sourceTree = "<group>"; };
		3E8D93381F61CD9900D54254 /* LocationTableViewCell.swift */ = {isa = PBXFileReference; fileEncoding = 4; lastKnownFileType = sourcecode.swift; path = LocationTableViewCell.swift; sourceTree = "<group>"; };
		3EBBD9B11F4529E100C92865 /* NYDH.app */ = {isa = PBXFileReference; explicitFileType = wrapper.application; includeInIndex = 0; path = NYDH.app; sourceTree = BUILT_PRODUCTS_DIR; };
		3EBBD9B41F4529E100C92865 /* AppDelegate.swift */ = {isa = PBXFileReference; lastKnownFileType = sourcecode.swift; path = AppDelegate.swift; sourceTree = "<group>"; };
		3EBBD9B61F4529E100C92865 /* NYDHHomeViewController.swift */ = {isa = PBXFileReference; lastKnownFileType = sourcecode.swift; path = NYDHHomeViewController.swift; sourceTree = "<group>"; };
		3EBBD9B91F4529E100C92865 /* Base */ = {isa = PBXFileReference; lastKnownFileType = file.storyboard; name = Base; path = Base.lproj/Main.storyboard; sourceTree = "<group>"; };
		3EBBD9BB1F4529E100C92865 /* Assets.xcassets */ = {isa = PBXFileReference; lastKnownFileType = folder.assetcatalog; path = Assets.xcassets; sourceTree = "<group>"; };
		3EBBD9BE1F4529E100C92865 /* Base */ = {isa = PBXFileReference; lastKnownFileType = file.storyboard; name = Base; path = Base.lproj/LaunchScreen.storyboard; sourceTree = "<group>"; };
		3EBBD9C01F4529E100C92865 /* Info.plist */ = {isa = PBXFileReference; lastKnownFileType = text.plist.xml; path = Info.plist; sourceTree = "<group>"; };
		3EED150E1F6AE45D0066C4AC /* questionsViewController.swift */ = {isa = PBXFileReference; fileEncoding = 4; lastKnownFileType = sourcecode.swift; path = questionsViewController.swift; sourceTree = "<group>"; };
/* End PBXFileReference section */

/* Begin PBXFrameworksBuildPhase section */
		3EBBD9AE1F4529E100C92865 /* Frameworks */ = {
			isa = PBXFrameworksBuildPhase;
			buildActionMask = 2147483647;
			files = (
			);
			runOnlyForDeploymentPostprocessing = 0;
		};
/* End PBXFrameworksBuildPhase section */

/* Begin PBXGroup section */
		3EBBD9A81F4529E100C92865 = {
			isa = PBXGroup;
			children = (
				3EBBD9B31F4529E100C92865 /* NYDH */,
				3EBBD9B21F4529E100C92865 /* Products */,
			);
			sourceTree = "<group>";
		};
		3EBBD9B21F4529E100C92865 /* Products */ = {
			isa = PBXGroup;
			children = (
				3EBBD9B11F4529E100C92865 /* NYDH.app */,
			);
			name = Products;
			sourceTree = "<group>";
		};
		3EBBD9B31F4529E100C92865 /* NYDH */ = {
			isa = PBXGroup;
			children = (
				3EBBD9B41F4529E100C92865 /* AppDelegate.swift */,
				3EBBD9B61F4529E100C92865 /* NYDHHomeViewController.swift */,
				3E841F7F1F50716100EACD3A /* LocationsViewController.swift */,
				3E8D93381F61CD9900D54254 /* LocationTableViewCell.swift */,
				3E4A61DD1F6947EA005FBD74 /* registrationViewController.swift */,
				3EED150E1F6AE45D0066C4AC /* questionsViewController.swift */,
				3EBBD9B81F4529E100C92865 /* Main.storyboard */,
				3EBBD9BB1F4529E100C92865 /* Assets.xcassets */,
				3EBBD9BD1F4529E100C92865 /* LaunchScreen.storyboard */,
				3EBBD9C01F4529E100C92865 /* Info.plist */,
			);
			path = NYDH;
			sourceTree = "<group>";
		};
/* End PBXGroup section */

/* Begin PBXNativeTarget section */
		3EBBD9B01F4529E100C92865 /* NYDH */ = {
			isa = PBXNativeTarget;
			buildConfigurationList = 3EBBD9C31F4529E100C92865 /* Build configuration list for PBXNativeTarget "NYDH" */;
			buildPhases = (
				3EBBD9AD1F4529E100C92865 /* Sources */,
				3EBBD9AE1F4529E100C92865 /* Frameworks */,
				3EBBD9AF1F4529E100C92865 /* Resources */,
			);
			buildRules = (
			);
			dependencies = (
			);
			name = NYDH;
			productName = NYDH;
			productReference = 3EBBD9B11F4529E100C92865 /* NYDH.app */;
			productType = "com.apple.product-type.application";
		};
/* End PBXNativeTarget section */

/* Begin PBXProject section */
		3EBBD9A91F4529E100C92865 /* Project object */ = {
			isa = PBXProject;
			attributes = {
				LastSwiftUpdateCheck = 0830;
				LastUpgradeCheck = 0830;
				ORGANIZATIONNAME = "Marcel Chaucer";
				TargetAttributes = {
					3EBBD9B01F4529E100C92865 = {
						CreatedOnToolsVersion = 8.3.3;
						DevelopmentTeam = TX9MB8N6AG;
						ProvisioningStyle = Automatic;
					};
				};
			};
			buildConfigurationList = 3EBBD9AC1F4529E100C92865 /* Build configuration list for PBXProject "NYDH" */;
			compatibilityVersion = "Xcode 3.2";
			developmentRegion = English;
			hasScannedForEncodings = 0;
			knownRegions = (
				en,
				Base,
			);
			mainGroup = 3EBBD9A81F4529E100C92865;
			productRefGroup = 3EBBD9B21F4529E100C92865 /* Products */;
			projectDirPath = "";
			projectRoot = "";
			targets = (
				3EBBD9B01F4529E100C92865 /* NYDH */,
			);
		};
/* End PBXProject section */

/* Begin PBXResourcesBuildPhase section */
		3EBBD9AF1F4529E100C92865 /* Resources */ = {
			isa = PBXResourcesBuildPhase;
			buildActionMask = 2147483647;
			files = (
				3EBBD9BF1F4529E100C92865 /* LaunchScreen.storyboard in Resources */,
				3EBBD9BC1F4529E100C92865 /* Assets.xcassets in Resources */,
				3EBBD9BA1F4529E100C92865 /* Main.storyboard in Resources */,
			);
			runOnlyForDeploymentPostprocessing = 0;
		};
/* End PBXResourcesBuildPhase section */

/* Begin PBXSourcesBuildPhase section */
		3EBBD9AD1F4529E100C92865 /* Sources */ = {
			isa = PBXSourcesBuildPhase;
			buildActionMask = 2147483647;
			files = (
				3E4A61DE1F6947EA005FBD74 /* registrationViewController.swift in Sources */,
				3EBBD9B71F4529E100C92865 /* NYDHHomeViewController.swift in Sources */,
				3EED150F1F6AE45D0066C4AC /* questionsViewController.swift in Sources */,
				3EBBD9B51F4529E100C92865 /* AppDelegate.swift in Sources */,
				3E8D93391F61CD9900D54254 /* LocationTableViewCell.swift in Sources */,
				3E841F801F50716100EACD3A /* LocationsViewController.swift in Sources */,
			);
			runOnlyForDeploymentPostprocessing = 0;
		};
/* End PBXSourcesBuildPhase section */

/* Begin PBXVariantGroup section */
		3EBBD9B81F4529E100C92865 /* Main.storyboard */ = {
			isa = PBXVariantGroup;
			children = (
				3EBBD9B91F4529E100C92865 /* Base */,
			);
			name = Main.storyboard;
			sourceTree = "<group>";
		};
		3EBBD9BD1F4529E100C92865 /* LaunchScreen.storyboard */ = {
			isa = PBXVariantGroup;
			children = (
				3EBBD9BE1F4529E100C92865 /* Base */,
			);
			name = LaunchScreen.storyboard;
			sourceTree = "<group>";
		};
/* End PBXVariantGroup section */

/* Begin XCBuildConfiguration section */
		3EBBD9C11F4529E100C92865 /* Debug */ = {
			isa = XCBuildConfiguration;
			buildSettings = {
				ALWAYS_SEARCH_USER_PATHS = NO;
				CLANG_ANALYZER_NONNULL = YES;
				CLANG_ANALYZER_NUMBER_OBJECT_CONVERSION = YES_AGGRESSIVE;
				CLANG_CXX_LANGUAGE_STANDARD = "gnu++0x";
				CLANG_CXX_LIBRARY = "libc++";
				CLANG_ENABLE_MODULES = YES;
				CLANG_ENABLE_OBJC_ARC = YES;
				CLANG_WARN_BOOL_CONVERSION = YES;
				CLANG_WARN_CONSTANT_CONVERSION = YES;
				CLANG_WARN_DIRECT_OBJC_ISA_USAGE = YES_ERROR;
				CLANG_WARN_DOCUMENTATION_COMMENTS = YES;
				CLANG_WARN_EMPTY_BODY = YES;
				CLANG_WARN_ENUM_CONVERSION = YES;
				CLANG_WARN_INFINITE_RECURSION = YES;
				CLANG_WARN_INT_CONVERSION = YES;
				CLANG_WARN_OBJC_ROOT_CLASS = YES_ERROR;
				CLANG_WARN_SUSPICIOUS_MOVE = YES;
				CLANG_WARN_UNREACHABLE_CODE = YES;
				CLANG_WARN__DUPLICATE_METHOD_MATCH = YES;
				"CODE_SIGN_IDENTITY[sdk=iphoneos*]" = "iPhone Developer";
				COPY_PHASE_STRIP = NO;
				DEBUG_INFORMATION_FORMAT = dwarf;
				ENABLE_STRICT_OBJC_MSGSEND = YES;
				ENABLE_TESTABILITY = YES;
				GCC_C_LANGUAGE_STANDARD = gnu99;
				GCC_DYNAMIC_NO_PIC = NO;
				GCC_NO_COMMON_BLOCKS = YES;
				GCC_OPTIMIZATION_LEVEL = 0;
				GCC_PREPROCESSOR_DEFINITIONS = (
					"DEBUG=1",
					"$(inherited)",
				);
				GCC_WARN_64_TO_32_BIT_CONVERSION = YES;
				GCC_WARN_ABOUT_RETURN_TYPE = YES_ERROR;
				GCC_WARN_UNDECLARED_SELECTOR = YES;
				GCC_WARN_UNINITIALIZED_AUTOS = YES_AGGRESSIVE;
				GCC_WARN_UNUSED_FUNCTION = YES;
				GCC_WARN_UNUSED_VARIABLE = YES;
				IPHONEOS_DEPLOYMENT_TARGET = 10.3;
				MTL_ENABLE_DEBUG_INFO = YES;
				ONLY_ACTIVE_ARCH = YES;
				SDKROOT = iphoneos;
				SWIFT_ACTIVE_COMPILATION_CONDITIONS = DEBUG;
				SWIFT_OPTIMIZATION_LEVEL = "-Onone";
				TARGETED_DEVICE_FAMILY = "1,2";
			};
			name = Debug;
		};
		3EBBD9C21F4529E100C92865 /* Release */ = {
			isa = XCBuildConfiguration;
			buildSettings = {
				ALWAYS_SEARCH_USER_PATHS = NO;
				CLANG_ANALYZER_NONNULL = YES;
				CLANG_ANALYZER_NUMBER_OBJECT_CONVERSION = YES_AGGRESSIVE;
				CLANG_CXX_LANGUAGE_STANDARD = "gnu++0x";
				CLANG_CXX_LIBRARY = "libc++";
				CLANG_ENABLE_MODULES = YES;
				CLANG_ENABLE_OBJC_ARC = YES;
				CLANG_WARN_BOOL_CONVERSION = YES;
				CLANG_WARN_CONSTANT_CONVERSION = YES;
				CLANG_WARN_DIRECT_OBJC_ISA_USAGE = YES_ERROR;
				CLANG_WARN_DOCUMENTATION_COMMENTS = YES;
				CLANG_WARN_EMPTY_BODY = YES;
				CLANG_WARN_ENUM_CONVERSION = YES;
				CLANG_WARN_INFINITE_RECURSION = YES;
				CLANG_WARN_INT_CONVERSION = YES;
				CLANG_WARN_OBJC_ROOT_CLASS = YES_ERROR;
				CLANG_WARN_SUSPICIOUS_MOVE = YES;
				CLANG_WARN_UNREACHABLE_CODE = YES;
				CLANG_WARN__DUPLICATE_METHOD_MATCH = YES;
				"CODE_SIGN_IDENTITY[sdk=iphoneos*]" = "iPhone Developer";
				COPY_PHASE_STRIP = NO;
				DEBUG_INFORMATION_FORMAT = "dwarf-with-dsym";
				ENABLE_NS_ASSERTIONS = NO;
				ENABLE_STRICT_OBJC_MSGSEND = YES;
				GCC_C_LANGUAGE_STANDARD = gnu99;
				GCC_NO_COMMON_BLOCKS = YES;
				GCC_WARN_64_TO_32_BIT_CONVERSION = YES;
				GCC_WARN_ABOUT_RETURN_TYPE = YES_ERROR;
				GCC_WARN_UNDECLARED_SELECTOR = YES;
				GCC_WARN_UNINITIALIZED_AUTOS = YES_AGGRESSIVE;
				GCC_WARN_UNUSED_FUNCTION = YES;
				GCC_WARN_UNUSED_VARIABLE = YES;
				IPHONEOS_DEPLOYMENT_TARGET = 10.3;
				MTL_ENABLE_DEBUG_INFO = NO;
				SDKROOT = iphoneos;
				SWIFT_OPTIMIZATION_LEVEL = "-Owholemodule";
				TARGETED_DEVICE_FAMILY = "1,2";
				VALIDATE_PRODUCT = YES;
			};
			name = Release;
		};
		3EBBD9C41F4529E100C92865 /* Debug */ = {
			isa = XCBuildConfiguration;
			buildSettings = {
				ASSETCATALOG_COMPILER_APPICON_NAME = AppIcon;
				"CODE_SIGN_IDENTITY[sdk=iphoneos*]" = "iPhone Developer";
				DEVELOPMENT_TEAM = TX9MB8N6AG;
				INFOPLIST_FILE = NYDH/Info.plist;
				LD_RUNPATH_SEARCH_PATHS = "$(inherited) @executable_path/Frameworks";
				PRODUCT_BUNDLE_IDENTIFIER = nyc.c4q.marcelchaucer.NYDH;
				PRODUCT_NAME = "$(TARGET_NAME)";
				PROVISIONING_PROFILE_SPECIFIER = "";
				SWIFT_VERSION = 3.0;
			};
			name = Debug;
		};
		3EBBD9C51F4529E100C92865 /* Release */ = {
			isa = XCBuildConfiguration;
			buildSettings = {
				ASSETCATALOG_COMPILER_APPICON_NAME = AppIcon;
				"CODE_SIGN_IDENTITY[sdk=iphoneos*]" = "iPhone Developer";
				DEVELOPMENT_TEAM = TX9MB8N6AG;
				INFOPLIST_FILE = NYDH/Info.plist;
				LD_RUNPATH_SEARCH_PATHS = "$(inherited) @executable_path/Frameworks";
				PRODUCT_BUNDLE_IDENTIFIER = nyc.c4q.marcelchaucer.NYDH;
				PRODUCT_NAME = "$(TARGET_NAME)";
				PROVISIONING_PROFILE_SPECIFIER = "";
				SWIFT_VERSION = 3.0;
			};
			name = Release;
		};
/* End XCBuildConfiguration section */

/* Begin XCConfigurationList section */
		3EBBD9AC1F4529E100C92865 /* Build configuration list for PBXProject "NYDH" */ = {
			isa = XCConfigurationList;
			buildConfigurations = (
				3EBBD9C11F4529E100C92865 /* Debug */,
				3EBBD9C21F4529E100C92865 /* Release */,
			);
			defaultConfigurationIsVisible = 0;
			defaultConfigurationName = Release;
		};
		3EBBD9C31F4529E100C92865 /* Build configuration list for PBXNativeTarget "NYDH" */ = {
			isa = XCConfigurationList;
			buildConfigurations = (
				3EBBD9C41F4529E100C92865 /* Debug */,
				3EBBD9C51F4529E100C92865 /* Release */,
			);
			defaultConfigurationIsVisible = 0;
			defaultConfigurationName = Release;
		};
/* End XCConfigurationList section */
	};
	rootObject = 3EBBD9A91F4529E100C92865 /* Project object */;
}
